<?xml version="1.0" encoding="UTF-8" standalone="yes" ?>
<CodeBlocks_project_file>
   <FileVersion major="1" minor="6" />
   <Project>
      <Option title="lab3" />
      <Option makefile_is_custom="1" />
      <Option compiler="gcc" />
      <Option virtualFolders="CMake Files\;CMake Files\..\;CMake Files\..\..\;CMake Files\..\..\..\;CMake Files\..\..\..\..\;CMake Files\..\..\..\..\..\;CMake Files\..\..\..\..\..\opt\;CMake Files\..\..\..\..\..\opt\ros\;CMake Files\..\..\..\..\..\opt\ros\kinetic\;CMake Files\..\..\..\..\..\opt\ros\kinetic\share\;CMake Files\..\..\..\..\..\opt\ros\kinetic\share\OpenCV-3.2.0-dev\;" />
      <Build>
      <Target title="all">
         <Option working_dir="/user/eleves/gkregulan2017/projects/lab3-build" />
         <Option type="4" />
         <MakeCommands>
            <Build command="/usr/bin/make -f &quot;/user/eleves/gkregulan2017/projects/lab3-build/Makefile&quot;  VERBOSE=1 all" />
            <CompileFile command="/usr/bin/make -f &quot;/user/eleves/gkregulan2017/projects/lab3-build/Makefile&quot;  VERBOSE=1 &quot;$file&quot;" />
            <Clean command="/usr/bin/make -f &quot;/user/eleves/gkregulan2017/projects/lab3-build/Makefile&quot;  VERBOSE=1 clean" />
            <DistClean command="/usr/bin/make -f &quot;/user/eleves/gkregulan2017/projects/lab3-build/Makefile&quot;  VERBOSE=1 clean" />
         </MakeCommands>
      </Target>
      <Target title="rebuild_cache">
         <Option working_dir="/user/eleves/gkregulan2017/projects/lab3-build" />
         <Option type="4" />
         <MakeCommands>
            <Build command="/usr/bin/make -f &quot;/user/eleves/gkregulan2017/projects/lab3-build/Makefile&quot;  VERBOSE=1 rebuild_cache" />
            <CompileFile command="/usr/bin/make -f &quot;/user/eleves/gkregulan2017/projects/lab3-build/Makefile&quot;  VERBOSE=1 &quot;$file&quot;" />
            <Clean command="/usr/bin/make -f &quot;/user/eleves/gkregulan2017/projects/lab3-build/Makefile&quot;  VERBOSE=1 clean" />
            <DistClean command="/usr/bin/make -f &quot;/user/eleves/gkregulan2017/projects/lab3-build/Makefile&quot;  VERBOSE=1 clean" />
         </MakeCommands>
      </Target>
      <Target title="edit_cache">
         <Option working_dir="/user/eleves/gkregulan2017/projects/lab3-build" />
         <Option type="4" />
         <MakeCommands>
            <Build command="/usr/bin/make -f &quot;/user/eleves/gkregulan2017/projects/lab3-build/Makefile&quot;  VERBOSE=1 edit_cache" />
            <CompileFile command="/usr/bin/make -f &quot;/user/eleves/gkregulan2017/projects/lab3-build/Makefile&quot;  VERBOSE=1 &quot;$file&quot;" />
            <Clean command="/usr/bin/make -f &quot;/user/eleves/gkregulan2017/projects/lab3-build/Makefile&quot;  VERBOSE=1 clean" />
            <DistClean command="/usr/bin/make -f &quot;/user/eleves/gkregulan2017/projects/lab3-build/Makefile&quot;  VERBOSE=1 clean" />
         </MakeCommands>
      </Target>
      <Target title="main">
         <Option output="/user/eleves/gkregulan2017/projects/lab3-build/main" prefix_auto="0" extension_auto="0" />
         <Option working_dir="/user/eleves/gkregulan2017/projects/lab3-build" />
         <Option object_output="./" />
         <Option type="1" />
         <Option compiler="gcc" />
         <Compiler>
            <Add directory="/opt/ros/kinetic/include/opencv-3.2.0-dev" />
            <Add directory="/opt/ros/kinetic/include/opencv-3.2.0-dev/opencv" />
            <Add directory="/usr/include" />
            <Add directory="/usr/include/c++/5" />
            <Add directory="/usr/include/c++/5/backward" />
            <Add directory="/usr/include/x86_64-linux-gnu" />
            <Add directory="/usr/include/x86_64-linux-gnu/c++/5" />
            <Add directory="/usr/lib/gcc/x86_64-linux-gnu/5/include" />
            <Add directory="/usr/lib/gcc/x86_64-linux-gnu/5/include-fixed" />
            <Add directory="/usr/local/include" />
         </Compiler>
         <MakeCommands>
            <Build command="/usr/bin/make -f &quot;/user/eleves/gkregulan2017/projects/lab3-build/Makefile&quot;  VERBOSE=1 main" />
            <CompileFile command="/usr/bin/make -f &quot;/user/eleves/gkregulan2017/projects/lab3-build/Makefile&quot;  VERBOSE=1 &quot;$file&quot;" />
            <Clean command="/usr/bin/make -f &quot;/user/eleves/gkregulan2017/projects/lab3-build/Makefile&quot;  VERBOSE=1 clean" />
            <DistClean command="/usr/bin/make -f &quot;/user/eleves/gkregulan2017/projects/lab3-build/Makefile&quot;  VERBOSE=1 clean" />
         </MakeCommands>
      </Target>
      <Target title="main/fast">
         <Option output="/user/eleves/gkregulan2017/projects/lab3-build/main" prefix_auto="0" extension_auto="0" />
         <Option working_dir="/user/eleves/gkregulan2017/projects/lab3-build" />
         <Option object_output="./" />
         <Option type="1" />
         <Option compiler="gcc" />
         <Compiler>
            <Add directory="/opt/ros/kinetic/include/opencv-3.2.0-dev" />
            <Add directory="/opt/ros/kinetic/include/opencv-3.2.0-dev/opencv" />
            <Add directory="/usr/include" />
            <Add directory="/usr/include/c++/5" />
            <Add directory="/usr/include/c++/5/backward" />
            <Add directory="/usr/include/x86_64-linux-gnu" />
            <Add directory="/usr/include/x86_64-linux-gnu/c++/5" />
            <Add directory="/usr/lib/gcc/x86_64-linux-gnu/5/include" />
            <Add directory="/usr/lib/gcc/x86_64-linux-gnu/5/include-fixed" />
            <Add directory="/usr/local/include" />
         </Compiler>
         <MakeCommands>
            <Build command="/usr/bin/make -f &quot;/user/eleves/gkregulan2017/projects/lab3-build/Makefile&quot;  VERBOSE=1 main/fast" />
            <CompileFile command="/usr/bin/make -f &quot;/user/eleves/gkregulan2017/projects/lab3-build/Makefile&quot;  VERBOSE=1 &quot;$file&quot;" />
            <Clean command="/usr/bin/make -f &quot;/user/eleves/gkregulan2017/projects/lab3-build/Makefile&quot;  VERBOSE=1 clean" />
            <DistClean command="/usr/bin/make -f &quot;/user/eleves/gkregulan2017/projects/lab3-build/Makefile&quot;  VERBOSE=1 clean" />
         </MakeCommands>
      </Target>
      </Build>
      <Unit filename="/user/eleves/gkregulan2017/projects/lab3/main.cpp">
         <Option target="main"/>
      </Unit>
      <Unit filename="/user/eleves/gkregulan2017/projects/lab3/CMakeLists.txt">
          <Option virtualFolder="CMake Files\" />
      </Unit>
      <Unit filename="/user/eleves/gkregulan2017/projects/lab3/../../../../../opt/ros/kinetic/share/OpenCV-3.2.0-dev/OpenCVConfig-version.cmake">
          <Option virtualFolder="CMake Files\..\..\..\..\..\opt\ros\kinetic\share\OpenCV-3.2.0-dev\" />
      </Unit>
      <Unit filename="/user/eleves/gkregulan2017/projects/lab3/../../../../../opt/ros/kinetic/share/OpenCV-3.2.0-dev/OpenCVConfig.cmake">
          <Option virtualFolder="CMake Files\..\..\..\..\..\opt\ros\kinetic\share\OpenCV-3.2.0-dev\" />
      </Unit>
      <Unit filename="/user/eleves/gkregulan2017/projects/lab3/../../../../../opt/ros/kinetic/share/OpenCV-3.2.0-dev/OpenCVModules.cmake">
          <Option virtualFolder="CMake Files\..\..\..\..\..\opt\ros\kinetic\share\OpenCV-3.2.0-dev\" />
      </Unit>
      <Unit filename="/user/eleves/gkregulan2017/projects/lab3/../../../../../opt/ros/kinetic/share/OpenCV-3.2.0-dev/OpenCVModules-none.cmake">
          <Option virtualFolder="CMake Files\..\..\..\..\..\opt\ros\kinetic\share\OpenCV-3.2.0-dev\" />
      </Unit>
   </Project>
</CodeBlocks_project_file>
